// !$*UTF8*$!
{
	archiveVersion = 1;
	classes = {
	};
	objectVersion = 56;
	objects = {

/* Begin PBXBuildFile section */
		90030E0029F3E22700598D7F /* freshpointApp.swift in Sources */ = {isa = PBXBuildFile; fileRef = 90030DFF29F3E22700598D7F /* freshpointApp.swift */; };
		90030E0429F3E22700598D7F /* Assets.xcassets in Resources */ = {isa = PBXBuildFile; fileRef = 90030E0329F3E22700598D7F /* Assets.xcassets */; };
		90030E0729F3E22700598D7F /* Preview Assets.xcassets in Resources */ = {isa = PBXBuildFile; fileRef = 90030E0629F3E22700598D7F /* Preview Assets.xcassets */; };
		90030E0F29F3E26800598D7F /* FoodItem.swift in Sources */ = {isa = PBXBuildFile; fileRef = 90030E0E29F3E26800598D7F /* FoodItem.swift */; };
		90030E1129F3E2C200598D7F /* FridgeCatalog.swift in Sources */ = {isa = PBXBuildFile; fileRef = 90030E1029F3E2C200598D7F /* FridgeCatalog.swift */; };
		90030E1729F3E3E800598D7F /* FoodListView.swift in Sources */ = {isa = PBXBuildFile; fileRef = 90030E1629F3E3E800598D7F /* FoodListView.swift */; };
		90030E1A29F3EB7800598D7F /* Fetch.swift in Sources */ = {isa = PBXBuildFile; fileRef = 90030E1929F3EB7800598D7F /* Fetch.swift */; };
		90030E1C29F5541F00598D7F /* DeviceManager.swift in Sources */ = {isa = PBXBuildFile; fileRef = 90030E1B29F5541F00598D7F /* DeviceManager.swift */; };
		90030E1E29F5548800598D7F /* Device.swift in Sources */ = {isa = PBXBuildFile; fileRef = 90030E1D29F5548800598D7F /* Device.swift */; };
		90030E2129F5579100598D7F /* Data.swift in Sources */ = {isa = PBXBuildFile; fileRef = 90030E2029F5579100598D7F /* Data.swift */; };
		900E731129FC6452006BECED /* NetworkError.swift in Sources */ = {isa = PBXBuildFile; fileRef = 900E731029FC6452006BECED /* NetworkError.swift */; };
		900E73132A06CC4C006BECED /* CategoryItem.swift in Sources */ = {isa = PBXBuildFile; fileRef = 900E73122A06CC4C006BECED /* CategoryItem.swift */; };
		900E73362A0D6294006BECED /* SettingsView.swift in Sources */ = {isa = PBXBuildFile; fileRef = 900E73352A0D6294006BECED /* SettingsView.swift */; };
		900E73382A0D65E3006BECED /* Constants.swift in Sources */ = {isa = PBXBuildFile; fileRef = 900E73372A0D65E3006BECED /* Constants.swift */; };
		900E733A2A0D68E2006BECED /* Fridge.swift in Sources */ = {isa = PBXBuildFile; fileRef = 900E73392A0D68E2006BECED /* Fridge.swift */; };
		900E733C2A0D6A0E006BECED /* SettingsViewModel.swift in Sources */ = {isa = PBXBuildFile; fileRef = 900E733B2A0D6A0E006BECED /* SettingsViewModel.swift */; };
		900E73402A0D7C16006BECED /* LocationManager.swift in Sources */ = {isa = PBXBuildFile; fileRef = 900E733F2A0D7C16006BECED /* LocationManager.swift */; };
		905E72382A0EB65D00CB8552 /* FoodDetailView.swift in Sources */ = {isa = PBXBuildFile; fileRef = 905E72372A0EB65D00CB8552 /* FoodDetailView.swift */; };
		905E723B2A1008F300CB8552 /* UIApplication.swift in Sources */ = {isa = PBXBuildFile; fileRef = 905E723A2A1008F300CB8552 /* UIApplication.swift */; };
		905E723E2A100D3B00CB8552 /* SwiftUIKit in Frameworks */ = {isa = PBXBuildFile; productRef = 905E723D2A100D3B00CB8552 /* SwiftUIKit */; };
		909BF6EA29FA74DD00967238 /* FoodListViewModel.swift in Sources */ = {isa = PBXBuildFile; fileRef = 909BF6E929FA74DD00967238 /* FoodListViewModel.swift */; };
		90A44A812A12231500549087 /* Color.swift in Sources */ = {isa = PBXBuildFile; fileRef = 90A44A802A12231500549087 /* Color.swift */; };
/* End PBXBuildFile section */

/* Begin PBXFileReference section */
		90030DFC29F3E22700598D7F /* freshpoint.app */ = {isa = PBXFileReference; explicitFileType = wrapper.application; includeInIndex = 0; path = freshpoint.app; sourceTree = BUILT_PRODUCTS_DIR; };
		90030DFF29F3E22700598D7F /* freshpointApp.swift */ = {isa = PBXFileReference; lastKnownFileType = sourcecode.swift; path = freshpointApp.swift; sourceTree = "<group>"; };
		90030E0329F3E22700598D7F /* Assets.xcassets */ = {isa = PBXFileReference; lastKnownFileType = folder.assetcatalog; path = Assets.xcassets; sourceTree = "<group>"; };
		90030E0629F3E22700598D7F /* Preview Assets.xcassets */ = {isa = PBXFileReference; lastKnownFileType = folder.assetcatalog; path = "Preview Assets.xcassets"; sourceTree = "<group>"; };
		90030E0E29F3E26800598D7F /* FoodItem.swift */ = {isa = PBXFileReference; lastKnownFileType = sourcecode.swift; path = FoodItem.swift; sourceTree = "<group>"; };
		90030E1029F3E2C200598D7F /* FridgeCatalog.swift */ = {isa = PBXFileReference; lastKnownFileType = sourcecode.swift; path = FridgeCatalog.swift; sourceTree = "<group>"; };
		90030E1629F3E3E800598D7F /* FoodListView.swift */ = {isa = PBXFileReference; lastKnownFileType = sourcecode.swift; path = FoodListView.swift; sourceTree = "<group>"; };
		90030E1929F3EB7800598D7F /* Fetch.swift */ = {isa = PBXFileReference; lastKnownFileType = sourcecode.swift; path = Fetch.swift; sourceTree = "<group>"; };
		90030E1B29F5541F00598D7F /* DeviceManager.swift */ = {isa = PBXFileReference; lastKnownFileType = sourcecode.swift; path = DeviceManager.swift; sourceTree = "<group>"; };
		90030E1D29F5548800598D7F /* Device.swift */ = {isa = PBXFileReference; lastKnownFileType = sourcecode.swift; path = Device.swift; sourceTree = "<group>"; };
		90030E2029F5579100598D7F /* Data.swift */ = {isa = PBXFileReference; lastKnownFileType = sourcecode.swift; path = Data.swift; sourceTree = "<group>"; };
		90030E2229F59D8000598D7F /* freshpoint.entitlements */ = {isa = PBXFileReference; lastKnownFileType = text.plist.entitlements; path = freshpoint.entitlements; sourceTree = "<group>"; };
		900E731029FC6452006BECED /* NetworkError.swift */ = {isa = PBXFileReference; fileEncoding = 4; lastKnownFileType = sourcecode.swift; path = NetworkError.swift; sourceTree = "<group>"; };
		900E73122A06CC4C006BECED /* CategoryItem.swift */ = {isa = PBXFileReference; lastKnownFileType = sourcecode.swift; path = CategoryItem.swift; sourceTree = "<group>"; };
		900E73352A0D6294006BECED /* SettingsView.swift */ = {isa = PBXFileReference; lastKnownFileType = sourcecode.swift; path = SettingsView.swift; sourceTree = "<group>"; };
		900E73372A0D65E3006BECED /* Constants.swift */ = {isa = PBXFileReference; lastKnownFileType = sourcecode.swift; path = Constants.swift; sourceTree = "<group>"; };
		900E73392A0D68E2006BECED /* Fridge.swift */ = {isa = PBXFileReference; lastKnownFileType = sourcecode.swift; path = Fridge.swift; sourceTree = "<group>"; };
		900E733B2A0D6A0E006BECED /* SettingsViewModel.swift */ = {isa = PBXFileReference; lastKnownFileType = sourcecode.swift; path = SettingsViewModel.swift; sourceTree = "<group>"; };
		900E733D2A0D7943006BECED /* Info.plist */ = {isa = PBXFileReference; lastKnownFileType = text.plist; path = Info.plist; sourceTree = "<group>"; };
		900E733F2A0D7C16006BECED /* LocationManager.swift */ = {isa = PBXFileReference; lastKnownFileType = sourcecode.swift; path = LocationManager.swift; sourceTree = "<group>"; };
		905E72372A0EB65D00CB8552 /* FoodDetailView.swift */ = {isa = PBXFileReference; lastKnownFileType = sourcecode.swift; path = FoodDetailView.swift; sourceTree = "<group>"; };
		905E723A2A1008F300CB8552 /* UIApplication.swift */ = {isa = PBXFileReference; lastKnownFileType = sourcecode.swift; path = UIApplication.swift; sourceTree = "<group>"; };
		909BF6E929FA74DD00967238 /* FoodListViewModel.swift */ = {isa = PBXFileReference; lastKnownFileType = sourcecode.swift; path = FoodListViewModel.swift; sourceTree = "<group>"; };
		90A44A802A12231500549087 /* Color.swift */ = {isa = PBXFileReference; lastKnownFileType = sourcecode.swift; path = Color.swift; sourceTree = "<group>"; };
/* End PBXFileReference section */

/* Begin PBXFrameworksBuildPhase section */
		90030DF929F3E22700598D7F /* Frameworks */ = {
			isa = PBXFrameworksBuildPhase;
			buildActionMask = 2147483647;
			files = (
				905E723E2A100D3B00CB8552 /* SwiftUIKit in Frameworks */,
			);
			runOnlyForDeploymentPostprocessing = 0;
		};
/* End PBXFrameworksBuildPhase section */

/* Begin PBXGroup section */
		90030DF329F3E22700598D7F = {
			isa = PBXGroup;
			children = (
				90030DFE29F3E22700598D7F /* freshpoint */,
				90030DFD29F3E22700598D7F /* Products */,
			);
			sourceTree = "<group>";
		};
		90030DFD29F3E22700598D7F /* Products */ = {
			isa = PBXGroup;
			children = (
				90030DFC29F3E22700598D7F /* freshpoint.app */,
			);
			name = Products;
			sourceTree = "<group>";
		};
		90030DFE29F3E22700598D7F /* freshpoint */ = {
			isa = PBXGroup;
			children = (
				900E733D2A0D7943006BECED /* Info.plist */,
				90030E2229F59D8000598D7F /* freshpoint.entitlements */,
				90030E1F29F5578700598D7F /* Extensions */,
				900E733E2A0D7BE2006BECED /* Location */,
				90030E0D29F3E23B00598D7F /* Model */,
				90030E1829F3EB6A00598D7F /* Network */,
				90030E1229F3E37200598D7F /* Scenes */,
				90030DFF29F3E22700598D7F /* freshpointApp.swift */,
				900E73372A0D65E3006BECED /* Constants.swift */,
				90030E0329F3E22700598D7F /* Assets.xcassets */,
				90030E0529F3E22700598D7F /* Preview Content */,
			);
			path = freshpoint;
			sourceTree = "<group>";
		};
		90030E0529F3E22700598D7F /* Preview Content */ = {
			isa = PBXGroup;
			children = (
				90030E0629F3E22700598D7F /* Preview Assets.xcassets */,
			);
			path = "Preview Content";
			sourceTree = "<group>";
		};
		90030E0D29F3E23B00598D7F /* Model */ = {
			isa = PBXGroup;
			children = (
				90030E0E29F3E26800598D7F /* FoodItem.swift */,
				90030E1029F3E2C200598D7F /* FridgeCatalog.swift */,
				90030E1D29F5548800598D7F /* Device.swift */,
				900E73122A06CC4C006BECED /* CategoryItem.swift */,
				900E73392A0D68E2006BECED /* Fridge.swift */,
			);
			path = Model;
			sourceTree = "<group>";
		};
		90030E1229F3E37200598D7F /* Scenes */ = {
			isa = PBXGroup;
			children = (
				905E72392A0EB6AC00CB8552 /* FoodDetail */,
				900E73142A07A9FA006BECED /* Settings */,
				90030E1329F3E38700598D7F /* FoodList */,
			);
			path = Scenes;
			sourceTree = "<group>";
		};
		90030E1329F3E38700598D7F /* FoodList */ = {
			isa = PBXGroup;
			children = (
				90030E1629F3E3E800598D7F /* FoodListView.swift */,
				909BF6E929FA74DD00967238 /* FoodListViewModel.swift */,
			);
			path = FoodList;
			sourceTree = "<group>";
		};
		90030E1829F3EB6A00598D7F /* Network */ = {
			isa = PBXGroup;
			children = (
				90030E1929F3EB7800598D7F /* Fetch.swift */,
				90030E1B29F5541F00598D7F /* DeviceManager.swift */,
				900E731029FC6452006BECED /* NetworkError.swift */,
			);
			path = Network;
			sourceTree = "<group>";
		};
		90030E1F29F5578700598D7F /* Extensions */ = {
			isa = PBXGroup;
			children = (
				90030E2029F5579100598D7F /* Data.swift */,
				905E723A2A1008F300CB8552 /* UIApplication.swift */,
				90A44A802A12231500549087 /* Color.swift */,
			);
			path = Extensions;
			sourceTree = "<group>";
		};
		900E73142A07A9FA006BECED /* Settings */ = {
			isa = PBXGroup;
			children = (
				900E73352A0D6294006BECED /* SettingsView.swift */,
				900E733B2A0D6A0E006BECED /* SettingsViewModel.swift */,
			);
			path = Settings;
			sourceTree = "<group>";
		};
		900E733E2A0D7BE2006BECED /* Location */ = {
			isa = PBXGroup;
			children = (
				900E733F2A0D7C16006BECED /* LocationManager.swift */,
			);
			path = Location;
			sourceTree = "<group>";
		};
		905E72392A0EB6AC00CB8552 /* FoodDetail */ = {
			isa = PBXGroup;
			children = (
				905E72372A0EB65D00CB8552 /* FoodDetailView.swift */,
			);
			path = FoodDetail;
			sourceTree = "<group>";
		};
/* End PBXGroup section */

/* Begin PBXNativeTarget section */
		90030DFB29F3E22700598D7F /* freshpoint */ = {
			isa = PBXNativeTarget;
			buildConfigurationList = 90030E0A29F3E22700598D7F /* Build configuration list for PBXNativeTarget "freshpoint" */;
			buildPhases = (
				90030DF829F3E22700598D7F /* Sources */,
				90030DF929F3E22700598D7F /* Frameworks */,
				90030DFA29F3E22700598D7F /* Resources */,
			);
			buildRules = (
			);
			dependencies = (
			);
			name = freshpoint;
			packageProductDependencies = (
				905E723D2A100D3B00CB8552 /* SwiftUIKit */,
			);
			productName = freshpoint;
			productReference = 90030DFC29F3E22700598D7F /* freshpoint.app */;
			productType = "com.apple.product-type.application";
		};
/* End PBXNativeTarget section */

/* Begin PBXProject section */
		90030DF429F3E22700598D7F /* Project object */ = {
			isa = PBXProject;
			attributes = {
				BuildIndependentTargetsInParallel = 1;
				LastSwiftUpdateCheck = 1430;
				LastUpgradeCheck = 1430;
				TargetAttributes = {
					90030DFB29F3E22700598D7F = {
						CreatedOnToolsVersion = 14.3;
					};
				};
			};
			buildConfigurationList = 90030DF729F3E22700598D7F /* Build configuration list for PBXProject "FreshPoint" */;
			compatibilityVersion = "Xcode 14.0";
			developmentRegion = cs;
			hasScannedForEncodings = 0;
			knownRegions = (
				en,
				Base,
				cs,
			);
			mainGroup = 90030DF329F3E22700598D7F;
			packageReferences = (
				905E723C2A100D3B00CB8552 /* XCRemoteSwiftPackageReference "SwiftUIKit" */,
			);
			productRefGroup = 90030DFD29F3E22700598D7F /* Products */;
			projectDirPath = "";
			projectRoot = "";
			targets = (
				90030DFB29F3E22700598D7F /* freshpoint */,
			);
		};
/* End PBXProject section */

/* Begin PBXResourcesBuildPhase section */
		90030DFA29F3E22700598D7F /* Resources */ = {
			isa = PBXResourcesBuildPhase;
			buildActionMask = 2147483647;
			files = (
				90030E0729F3E22700598D7F /* Preview Assets.xcassets in Resources */,
				90030E0429F3E22700598D7F /* Assets.xcassets in Resources */,
			);
			runOnlyForDeploymentPostprocessing = 0;
		};
/* End PBXResourcesBuildPhase section */

/* Begin PBXSourcesBuildPhase section */
		90030DF829F3E22700598D7F /* Sources */ = {
			isa = PBXSourcesBuildPhase;
			buildActionMask = 2147483647;
			files = (
				905E723B2A1008F300CB8552 /* UIApplication.swift in Sources */,
				90030E1A29F3EB7800598D7F /* Fetch.swift in Sources */,
				90030E1729F3E3E800598D7F /* FoodListView.swift in Sources */,
				909BF6EA29FA74DD00967238 /* FoodListViewModel.swift in Sources */,
				905E72382A0EB65D00CB8552 /* FoodDetailView.swift in Sources */,
				90030E0F29F3E26800598D7F /* FoodItem.swift in Sources */,
				900E73402A0D7C16006BECED /* LocationManager.swift in Sources */,
				900E733A2A0D68E2006BECED /* Fridge.swift in Sources */,
				900E733C2A0D6A0E006BECED /* SettingsViewModel.swift in Sources */,
				90030E0029F3E22700598D7F /* freshpointApp.swift in Sources */,
				90030E1129F3E2C200598D7F /* FridgeCatalog.swift in Sources */,
				90A44A812A12231500549087 /* Color.swift in Sources */,
				90030E1C29F5541F00598D7F /* DeviceManager.swift in Sources */,
				900E73382A0D65E3006BECED /* Constants.swift in Sources */,
				90030E2129F5579100598D7F /* Data.swift in Sources */,
				900E731129FC6452006BECED /* NetworkError.swift in Sources */,
				900E73362A0D6294006BECED /* SettingsView.swift in Sources */,
				900E73132A06CC4C006BECED /* CategoryItem.swift in Sources */,
				90030E1E29F5548800598D7F /* Device.swift in Sources */,
			);
			runOnlyForDeploymentPostprocessing = 0;
		};
/* End PBXSourcesBuildPhase section */

/* Begin XCBuildConfiguration section */
		90030E0829F3E22700598D7F /* Debug */ = {
			isa = XCBuildConfiguration;
			buildSettings = {
				ALWAYS_SEARCH_USER_PATHS = NO;
				CLANG_ANALYZER_NONNULL = YES;
				CLANG_ANALYZER_NUMBER_OBJECT_CONVERSION = YES_AGGRESSIVE;
				CLANG_CXX_LANGUAGE_STANDARD = "gnu++20";
				CLANG_ENABLE_MODULES = YES;
				CLANG_ENABLE_OBJC_ARC = YES;
				CLANG_ENABLE_OBJC_WEAK = YES;
				CLANG_WARN_BLOCK_CAPTURE_AUTORELEASING = YES;
				CLANG_WARN_BOOL_CONVERSION = YES;
				CLANG_WARN_COMMA = YES;
				CLANG_WARN_CONSTANT_CONVERSION = YES;
				CLANG_WARN_DEPRECATED_OBJC_IMPLEMENTATIONS = YES;
				CLANG_WARN_DIRECT_OBJC_ISA_USAGE = YES_ERROR;
				CLANG_WARN_DOCUMENTATION_COMMENTS = YES;
				CLANG_WARN_EMPTY_BODY = YES;
				CLANG_WARN_ENUM_CONVERSION = YES;
				CLANG_WARN_INFINITE_RECURSION = YES;
				CLANG_WARN_INT_CONVERSION = YES;
				CLANG_WARN_NON_LITERAL_NULL_CONVERSION = YES;
				CLANG_WARN_OBJC_IMPLICIT_RETAIN_SELF = YES;
				CLANG_WARN_OBJC_LITERAL_CONVERSION = YES;
				CLANG_WARN_OBJC_ROOT_CLASS = YES_ERROR;
				CLANG_WARN_QUOTED_INCLUDE_IN_FRAMEWORK_HEADER = YES;
				CLANG_WARN_RANGE_LOOP_ANALYSIS = YES;
				CLANG_WARN_STRICT_PROTOTYPES = YES;
				CLANG_WARN_SUSPICIOUS_MOVE = YES;
				CLANG_WARN_UNGUARDED_AVAILABILITY = YES_AGGRESSIVE;
				CLANG_WARN_UNREACHABLE_CODE = YES;
				CLANG_WARN__DUPLICATE_METHOD_MATCH = YES;
				COPY_PHASE_STRIP = NO;
				DEBUG_INFORMATION_FORMAT = dwarf;
				ENABLE_STRICT_OBJC_MSGSEND = YES;
				ENABLE_TESTABILITY = YES;
				GCC_C_LANGUAGE_STANDARD = gnu11;
				GCC_DYNAMIC_NO_PIC = NO;
				GCC_NO_COMMON_BLOCKS = YES;
				GCC_OPTIMIZATION_LEVEL = 0;
				GCC_PREPROCESSOR_DEFINITIONS = (
					"DEBUG=1",
					"$(inherited)",
				);
				GCC_WARN_64_TO_32_BIT_CONVERSION = YES;
				GCC_WARN_ABOUT_RETURN_TYPE = YES_ERROR;
				GCC_WARN_UNDECLARED_SELECTOR = YES;
				GCC_WARN_UNINITIALIZED_AUTOS = YES_AGGRESSIVE;
				GCC_WARN_UNUSED_FUNCTION = YES;
				GCC_WARN_UNUSED_VARIABLE = YES;
				IPHONEOS_DEPLOYMENT_TARGET = 16.4;
				MTL_ENABLE_DEBUG_INFO = INCLUDE_SOURCE;
				MTL_FAST_MATH = YES;
				ONLY_ACTIVE_ARCH = YES;
				SDKROOT = iphoneos;
				SWIFT_ACTIVE_COMPILATION_CONDITIONS = DEBUG;
				SWIFT_OPTIMIZATION_LEVEL = "-Onone";
			};
			name = Debug;
		};
		90030E0929F3E22700598D7F /* Release */ = {
			isa = XCBuildConfiguration;
			buildSettings = {
				ALWAYS_SEARCH_USER_PATHS = NO;
				CLANG_ANALYZER_NONNULL = YES;
				CLANG_ANALYZER_NUMBER_OBJECT_CONVERSION = YES_AGGRESSIVE;
				CLANG_CXX_LANGUAGE_STANDARD = "gnu++20";
				CLANG_ENABLE_MODULES = YES;
				CLANG_ENABLE_OBJC_ARC = YES;
				CLANG_ENABLE_OBJC_WEAK = YES;
				CLANG_WARN_BLOCK_CAPTURE_AUTORELEASING = YES;
				CLANG_WARN_BOOL_CONVERSION = YES;
				CLANG_WARN_COMMA = YES;
				CLANG_WARN_CONSTANT_CONVERSION = YES;
				CLANG_WARN_DEPRECATED_OBJC_IMPLEMENTATIONS = YES;
				CLANG_WARN_DIRECT_OBJC_ISA_USAGE = YES_ERROR;
				CLANG_WARN_DOCUMENTATION_COMMENTS = YES;
				CLANG_WARN_EMPTY_BODY = YES;
				CLANG_WARN_ENUM_CONVERSION = YES;
				CLANG_WARN_INFINITE_RECURSION = YES;
				CLANG_WARN_INT_CONVERSION = YES;
				CLANG_WARN_NON_LITERAL_NULL_CONVERSION = YES;
				CLANG_WARN_OBJC_IMPLICIT_RETAIN_SELF = YES;
				CLANG_WARN_OBJC_LITERAL_CONVERSION = YES;
				CLANG_WARN_OBJC_ROOT_CLASS = YES_ERROR;
				CLANG_WARN_QUOTED_INCLUDE_IN_FRAMEWORK_HEADER = YES;
				CLANG_WARN_RANGE_LOOP_ANALYSIS = YES;
				CLANG_WARN_STRICT_PROTOTYPES = YES;
				CLANG_WARN_SUSPICIOUS_MOVE = YES;
				CLANG_WARN_UNGUARDED_AVAILABILITY = YES_AGGRESSIVE;
				CLANG_WARN_UNREACHABLE_CODE = YES;
				CLANG_WARN__DUPLICATE_METHOD_MATCH = YES;
				COPY_PHASE_STRIP = NO;
				DEBUG_INFORMATION_FORMAT = "dwarf-with-dsym";
				ENABLE_NS_ASSERTIONS = NO;
				ENABLE_STRICT_OBJC_MSGSEND = YES;
				GCC_C_LANGUAGE_STANDARD = gnu11;
				GCC_NO_COMMON_BLOCKS = YES;
				GCC_WARN_64_TO_32_BIT_CONVERSION = YES;
				GCC_WARN_ABOUT_RETURN_TYPE = YES_ERROR;
				GCC_WARN_UNDECLARED_SELECTOR = YES;
				GCC_WARN_UNINITIALIZED_AUTOS = YES_AGGRESSIVE;
				GCC_WARN_UNUSED_FUNCTION = YES;
				GCC_WARN_UNUSED_VARIABLE = YES;
				IPHONEOS_DEPLOYMENT_TARGET = 16.4;
				MTL_ENABLE_DEBUG_INFO = NO;
				MTL_FAST_MATH = YES;
				SDKROOT = iphoneos;
				SWIFT_COMPILATION_MODE = wholemodule;
				SWIFT_OPTIMIZATION_LEVEL = "-O";
				VALIDATE_PRODUCT = YES;
			};
			name = Release;
		};
		90030E0B29F3E22700598D7F /* Debug */ = {
			isa = XCBuildConfiguration;
			buildSettings = {
				ASSETCATALOG_COMPILER_APPICON_NAME = AppIcon;
				ASSETCATALOG_COMPILER_GLOBAL_ACCENT_COLOR_NAME = AccentColor;
				CODE_SIGN_ENTITLEMENTS = freshpoint/freshpoint.entitlements;
				CODE_SIGN_STYLE = Automatic;
				CURRENT_PROJECT_VERSION = 17;
				DEVELOPMENT_ASSET_PATHS = "\"freshpoint/Preview Content\"";
				DEVELOPMENT_TEAM = FBWNLT2RLU;
				ENABLE_PREVIEWS = YES;
				GENERATE_INFOPLIST_FILE = YES;
				INFOPLIST_FILE = freshpoint/Info.plist;
				INFOPLIST_KEY_LSApplicationCategoryType = "public.app-category.food-and-drink";
				INFOPLIST_KEY_NSLocationWhenInUseUsageDescription = "Přístup k poloze umožní zobrazit nejbližší automaty";
				INFOPLIST_KEY_UIApplicationSceneManifest_Generation = YES;
				INFOPLIST_KEY_UIApplicationSupportsIndirectInputEvents = YES;
				INFOPLIST_KEY_UILaunchScreen_Generation = YES;
				INFOPLIST_KEY_UISupportedInterfaceOrientations_iPad = "UIInterfaceOrientationPortrait UIInterfaceOrientationPortraitUpsideDown UIInterfaceOrientationLandscapeLeft UIInterfaceOrientationLandscapeRight";
				INFOPLIST_KEY_UISupportedInterfaceOrientations_iPhone = "UIInterfaceOrientationPortrait UIInterfaceOrientationLandscapeLeft UIInterfaceOrientationLandscapeRight";
				IPHONEOS_DEPLOYMENT_TARGET = 16.4;
				LD_RUNPATH_SEARCH_PATHS = (
					"$(inherited)",
					"@executable_path/Frameworks",
				);
				MARKETING_VERSION = 1.0;
				PRODUCT_BUNDLE_IDENTIFIER = com.marstad.freshpoint;
				PRODUCT_NAME = "$(TARGET_NAME)";
				SUPPORTED_PLATFORMS = "iphoneos iphonesimulator macosx";
				SUPPORTS_MACCATALYST = NO;
				SUPPORTS_MAC_DESIGNED_FOR_IPHONE_IPAD = NO;
				SWIFT_EMIT_LOC_STRINGS = YES;
				SWIFT_VERSION = 5.0;
				TARGETED_DEVICE_FAMILY = "1,2";
			};
			name = Debug;
		};
		90030E0C29F3E22700598D7F /* Release */ = {
			isa = XCBuildConfiguration;
			buildSettings = {
				ASSETCATALOG_COMPILER_APPICON_NAME = AppIcon;
				ASSETCATALOG_COMPILER_GLOBAL_ACCENT_COLOR_NAME = AccentColor;
				CODE_SIGN_ENTITLEMENTS = freshpoint/freshpoint.entitlements;
				CODE_SIGN_STYLE = Automatic;
				CURRENT_PROJECT_VERSION = 17;
				DEVELOPMENT_ASSET_PATHS = "\"freshpoint/Preview Content\"";
				DEVELOPMENT_TEAM = FBWNLT2RLU;
				ENABLE_PREVIEWS = YES;
				GENERATE_INFOPLIST_FILE = YES;
				INFOPLIST_FILE = freshpoint/Info.plist;
				INFOPLIST_KEY_LSApplicationCategoryType = "public.app-category.food-and-drink";
				INFOPLIST_KEY_NSLocationWhenInUseUsageDescription = "Přístup k poloze umožní zobrazit nejbližší automaty";
				INFOPLIST_KEY_UIApplicationSceneManifest_Generation = YES;
				INFOPLIST_KEY_UIApplicationSupportsIndirectInputEvents = YES;
				INFOPLIST_KEY_UILaunchScreen_Generation = YES;
				INFOPLIST_KEY_UISupportedInterfaceOrientations_iPad = "UIInterfaceOrientationPortrait UIInterfaceOrientationPortraitUpsideDown UIInterfaceOrientationLandscapeLeft UIInterfaceOrientationLandscapeRight";
				INFOPLIST_KEY_UISupportedInterfaceOrientations_iPhone = "UIInterfaceOrientationPortrait UIInterfaceOrientationLandscapeLeft UIInterfaceOrientationLandscapeRight";
				IPHONEOS_DEPLOYMENT_TARGET = 16.4;
				LD_RUNPATH_SEARCH_PATHS = (
					"$(inherited)",
					"@executable_path/Frameworks",
				);
				MARKETING_VERSION = 1.0;
				PRODUCT_BUNDLE_IDENTIFIER = com.marstad.freshpoint;
				PRODUCT_NAME = "$(TARGET_NAME)";
				SUPPORTED_PLATFORMS = "iphoneos iphonesimulator macosx";
				SUPPORTS_MACCATALYST = NO;
				SUPPORTS_MAC_DESIGNED_FOR_IPHONE_IPAD = NO;
				SWIFT_EMIT_LOC_STRINGS = YES;
				SWIFT_VERSION = 5.0;
				TARGETED_DEVICE_FAMILY = "1,2";
			};
			name = Release;
		};
/* End XCBuildConfiguration section */

/* Begin XCConfigurationList section */
		90030DF729F3E22700598D7F /* Build configuration list for PBXProject "FreshPoint" */ = {
			isa = XCConfigurationList;
			buildConfigurations = (
				90030E0829F3E22700598D7F /* Debug */,
				90030E0929F3E22700598D7F /* Release */,
			);
			defaultConfigurationIsVisible = 0;
			defaultConfigurationName = Release;
		};
		90030E0A29F3E22700598D7F /* Build configuration list for PBXNativeTarget "freshpoint" */ = {
			isa = XCConfigurationList;
			buildConfigurations = (
				90030E0B29F3E22700598D7F /* Debug */,
				90030E0C29F3E22700598D7F /* Release */,
			);
			defaultConfigurationIsVisible = 0;
			defaultConfigurationName = Release;
		};
/* End XCConfigurationList section */

/* Begin XCRemoteSwiftPackageReference section */
		905E723C2A100D3B00CB8552 /* XCRemoteSwiftPackageReference "SwiftUIKit" */ = {
			isa = XCRemoteSwiftPackageReference;
			repositoryURL = "https://github.com/danielsaidi/SwiftUIKit.git";
			requirement = {
				kind = upToNextMajorVersion;
				minimumVersion = 3.0.0;
			};
		};
/* End XCRemoteSwiftPackageReference section */

/* Begin XCSwiftPackageProductDependency section */
		905E723D2A100D3B00CB8552 /* SwiftUIKit */ = {
			isa = XCSwiftPackageProductDependency;
			package = 905E723C2A100D3B00CB8552 /* XCRemoteSwiftPackageReference "SwiftUIKit" */;
			productName = SwiftUIKit;
		};
/* End XCSwiftPackageProductDependency section */
	};
	rootObject = 90030DF429F3E22700598D7F /* Project object */;
}
